// !$*UTF8*$!
{
	archiveVersion = 1;
	classes = {
	};
	objectVersion = 56;
	objects = {

/* Begin PBXBuildFile section */
		552C75992A7D23E400982EAA /* SelectionViewController.swift in Sources */ = {isa = PBXBuildFile; fileRef = 552C75872A7D232A00982EAA /* SelectionViewController.swift */; };
		552C759D2A7D270200982EAA /* Localizable.strings in Resources */ = {isa = PBXBuildFile; fileRef = 552C759F2A7D270200982EAA /* Localizable.strings */; };
		552C75A22A7D276300982EAA /* String+Extension.swift in Sources */ = {isa = PBXBuildFile; fileRef = 552C75A12A7D276300982EAA /* String+Extension.swift */; };
		552C75A52A7D32ED00982EAA /* UserDefault.swift in Sources */ = {isa = PBXBuildFile; fileRef = 552C75A42A7D32ED00982EAA /* UserDefault.swift */; };
		552C75A72A7DC7E200982EAA /* DetailPopupViewController.swift in Sources */ = {isa = PBXBuildFile; fileRef = 552C75A62A7DC7E200982EAA /* DetailPopupViewController.swift */; };
		552C75A92A7DD72900982EAA /* UILabel+Extension.swift in Sources */ = {isa = PBXBuildFile; fileRef = 552C75A82A7DD72900982EAA /* UILabel+Extension.swift */; };
		552C75AB2A7DD86F00982EAA /* UIView+Extension.swift in Sources */ = {isa = PBXBuildFile; fileRef = 552C75AA2A7DD86F00982EAA /* UIView+Extension.swift */; };
		552C75AD2A7DE3E000982EAA /* UIButton+Extension.swift in Sources */ = {isa = PBXBuildFile; fileRef = 552C75AC2A7DE3E000982EAA /* UIButton+Extension.swift */; };
		552C75B02A7E1B0C00982EAA /* SegueType.swift in Sources */ = {isa = PBXBuildFile; fileRef = 552C75AF2A7E1B0C00982EAA /* SegueType.swift */; };
		552C75B22A7E238F00982EAA /* HapticManager.swift in Sources */ = {isa = PBXBuildFile; fileRef = 552C75B12A7E238F00982EAA /* HapticManager.swift */; };
		552C75B42A7E254E00982EAA /* MainViewController.swift in Sources */ = {isa = PBXBuildFile; fileRef = 552C75B32A7E254E00982EAA /* MainViewController.swift */; };
		552C75B62A7E360400982EAA /* UICollectionViewCell+Extension.swift in Sources */ = {isa = PBXBuildFile; fileRef = 552C75B52A7E360400982EAA /* UICollectionViewCell+Extension.swift */; };
		552C75BA2A7E882200982EAA /* DefaultsTamagotchiList.swift in Sources */ = {isa = PBXBuildFile; fileRef = 552C75B92A7E882200982EAA /* DefaultsTamagotchiList.swift */; };
		557D556E2A7D222A000DDE17 /* AppDelegate.swift in Sources */ = {isa = PBXBuildFile; fileRef = 557D556D2A7D222A000DDE17 /* AppDelegate.swift */; };
		557D55702A7D222A000DDE17 /* SceneDelegate.swift in Sources */ = {isa = PBXBuildFile; fileRef = 557D556F2A7D222A000DDE17 /* SceneDelegate.swift */; };
		557D55752A7D222A000DDE17 /* Main.storyboard in Resources */ = {isa = PBXBuildFile; fileRef = 557D55732A7D222A000DDE17 /* Main.storyboard */; };
		557D55772A7D222B000DDE17 /* Assets.xcassets in Resources */ = {isa = PBXBuildFile; fileRef = 557D55762A7D222B000DDE17 /* Assets.xcassets */; };
		557D557A2A7D222B000DDE17 /* LaunchScreen.storyboard in Resources */ = {isa = PBXBuildFile; fileRef = 557D55782A7D222B000DDE17 /* LaunchScreen.storyboard */; };
		557D558B2A7D22B7000DDE17 /* UIViewController+Extension.swift in Sources */ = {isa = PBXBuildFile; fileRef = 557D55852A7D22B7000DDE17 /* UIViewController+Extension.swift */; };
		557D558D2A7D22B7000DDE17 /* LocalizedString.swift in Sources */ = {isa = PBXBuildFile; fileRef = 557D55882A7D22B7000DDE17 /* LocalizedString.swift */; };
		557D558E2A7D22B7000DDE17 /* Layout.swift in Sources */ = {isa = PBXBuildFile; fileRef = 557D55892A7D22B7000DDE17 /* Layout.swift */; };
		557D558F2A7D22B7000DDE17 /* TamagotchiInfo.swift in Sources */ = {isa = PBXBuildFile; fileRef = 557D558A2A7D22B7000DDE17 /* TamagotchiInfo.swift */; };
		557D55932A7D22D0000DDE17 /* TamagotchiCollectionViewCell.swift in Sources */ = {isa = PBXBuildFile; fileRef = 557D55912A7D22D0000DDE17 /* TamagotchiCollectionViewCell.swift */; };
		557D55942A7D22D0000DDE17 /* TamagotchiCollectionViewCell.xib in Resources */ = {isa = PBXBuildFile; fileRef = 557D55922A7D22D0000DDE17 /* TamagotchiCollectionViewCell.xib */; };
/* End PBXBuildFile section */

/* Begin PBXFileReference section */
		552C75872A7D232A00982EAA /* SelectionViewController.swift */ = {isa = PBXFileReference; lastKnownFileType = sourcecode.swift; path = SelectionViewController.swift; sourceTree = "<group>"; };
		552C759E2A7D270200982EAA /* en */ = {isa = PBXFileReference; lastKnownFileType = text.plist.strings; name = en; path = en.lproj/Localizable.strings; sourceTree = "<group>"; };
		552C75A02A7D272800982EAA /* ko */ = {isa = PBXFileReference; lastKnownFileType = text.plist.strings; name = ko; path = ko.lproj/Localizable.strings; sourceTree = "<group>"; };
		552C75A12A7D276300982EAA /* String+Extension.swift */ = {isa = PBXFileReference; lastKnownFileType = sourcecode.swift; path = "String+Extension.swift"; sourceTree = "<group>"; };
		552C75A42A7D32ED00982EAA /* UserDefault.swift */ = {isa = PBXFileReference; lastKnownFileType = sourcecode.swift; path = UserDefault.swift; sourceTree = "<group>"; };
		552C75A62A7DC7E200982EAA /* DetailPopupViewController.swift */ = {isa = PBXFileReference; lastKnownFileType = sourcecode.swift; path = DetailPopupViewController.swift; sourceTree = "<group>"; };
		552C75A82A7DD72900982EAA /* UILabel+Extension.swift */ = {isa = PBXFileReference; lastKnownFileType = sourcecode.swift; path = "UILabel+Extension.swift"; sourceTree = "<group>"; };
		552C75AA2A7DD86F00982EAA /* UIView+Extension.swift */ = {isa = PBXFileReference; lastKnownFileType = sourcecode.swift; path = "UIView+Extension.swift"; sourceTree = "<group>"; };
		552C75AC2A7DE3E000982EAA /* UIButton+Extension.swift */ = {isa = PBXFileReference; lastKnownFileType = sourcecode.swift; path = "UIButton+Extension.swift"; sourceTree = "<group>"; };
		552C75AF2A7E1B0C00982EAA /* SegueType.swift */ = {isa = PBXFileReference; lastKnownFileType = sourcecode.swift; path = SegueType.swift; sourceTree = "<group>"; };
		552C75B12A7E238F00982EAA /* HapticManager.swift */ = {isa = PBXFileReference; lastKnownFileType = sourcecode.swift; path = HapticManager.swift; sourceTree = "<group>"; };
		552C75B32A7E254E00982EAA /* MainViewController.swift */ = {isa = PBXFileReference; lastKnownFileType = sourcecode.swift; path = MainViewController.swift; sourceTree = "<group>"; };
		552C75B52A7E360400982EAA /* UICollectionViewCell+Extension.swift */ = {isa = PBXFileReference; lastKnownFileType = sourcecode.swift; path = "UICollectionViewCell+Extension.swift"; sourceTree = "<group>"; };
		552C75B92A7E882200982EAA /* DefaultsTamagotchiList.swift */ = {isa = PBXFileReference; lastKnownFileType = sourcecode.swift; path = DefaultsTamagotchiList.swift; sourceTree = "<group>"; };
		557D556A2A7D222A000DDE17 /* Tamagotchi.app */ = {isa = PBXFileReference; explicitFileType = wrapper.application; includeInIndex = 0; path = Tamagotchi.app; sourceTree = BUILT_PRODUCTS_DIR; };
		557D556D2A7D222A000DDE17 /* AppDelegate.swift */ = {isa = PBXFileReference; lastKnownFileType = sourcecode.swift; path = AppDelegate.swift; sourceTree = "<group>"; };
		557D556F2A7D222A000DDE17 /* SceneDelegate.swift */ = {isa = PBXFileReference; lastKnownFileType = sourcecode.swift; path = SceneDelegate.swift; sourceTree = "<group>"; };
		557D55742A7D222A000DDE17 /* Base */ = {isa = PBXFileReference; lastKnownFileType = file.storyboard; name = Base; path = Base.lproj/Main.storyboard; sourceTree = "<group>"; };
		557D55762A7D222B000DDE17 /* Assets.xcassets */ = {isa = PBXFileReference; lastKnownFileType = folder.assetcatalog; path = Assets.xcassets; sourceTree = "<group>"; };
		557D55792A7D222B000DDE17 /* Base */ = {isa = PBXFileReference; lastKnownFileType = file.storyboard; name = Base; path = Base.lproj/LaunchScreen.storyboard; sourceTree = "<group>"; };
		557D557B2A7D222B000DDE17 /* Info.plist */ = {isa = PBXFileReference; lastKnownFileType = text.plist.xml; path = Info.plist; sourceTree = "<group>"; };
		557D55852A7D22B7000DDE17 /* UIViewController+Extension.swift */ = {isa = PBXFileReference; fileEncoding = 4; lastKnownFileType = sourcecode.swift; path = "UIViewController+Extension.swift"; sourceTree = "<group>"; };
		557D55882A7D22B7000DDE17 /* LocalizedString.swift */ = {isa = PBXFileReference; fileEncoding = 4; lastKnownFileType = sourcecode.swift; path = LocalizedString.swift; sourceTree = "<group>"; };
		557D55892A7D22B7000DDE17 /* Layout.swift */ = {isa = PBXFileReference; fileEncoding = 4; lastKnownFileType = sourcecode.swift; path = Layout.swift; sourceTree = "<group>"; };
		557D558A2A7D22B7000DDE17 /* TamagotchiInfo.swift */ = {isa = PBXFileReference; fileEncoding = 4; lastKnownFileType = sourcecode.swift; path = TamagotchiInfo.swift; sourceTree = "<group>"; };
		557D55912A7D22D0000DDE17 /* TamagotchiCollectionViewCell.swift */ = {isa = PBXFileReference; fileEncoding = 4; lastKnownFileType = sourcecode.swift; path = TamagotchiCollectionViewCell.swift; sourceTree = "<group>"; };
		557D55922A7D22D0000DDE17 /* TamagotchiCollectionViewCell.xib */ = {isa = PBXFileReference; fileEncoding = 4; lastKnownFileType = file.xib; path = TamagotchiCollectionViewCell.xib; sourceTree = "<group>"; };
/* End PBXFileReference section */

/* Begin PBXFrameworksBuildPhase section */
		557D55672A7D222A000DDE17 /* Frameworks */ = {
			isa = PBXFrameworksBuildPhase;
			buildActionMask = 2147483647;
			files = (
			);
			runOnlyForDeploymentPostprocessing = 0;
		};
/* End PBXFrameworksBuildPhase section */

/* Begin PBXGroup section */
		552C759A2A7D23FB00982EAA /* ViewController */ = {
			isa = PBXGroup;
			children = (
				552C75872A7D232A00982EAA /* SelectionViewController.swift */,
				552C75A62A7DC7E200982EAA /* DetailPopupViewController.swift */,
				552C75B32A7E254E00982EAA /* MainViewController.swift */,
			);
			path = ViewController;
			sourceTree = "<group>";
		};
		552C75AE2A7E1AFB00982EAA /* Tool */ = {
			isa = PBXGroup;
			children = (
				552C75AF2A7E1B0C00982EAA /* SegueType.swift */,
				552C75B12A7E238F00982EAA /* HapticManager.swift */,
			);
			path = Tool;
			sourceTree = "<group>";
		};
		557D55612A7D2229000DDE17 = {
			isa = PBXGroup;
			children = (
				557D556C2A7D222A000DDE17 /* Tamagotchi */,
				557D556B2A7D222A000DDE17 /* Products */,
			);
			sourceTree = "<group>";
		};
		557D556B2A7D222A000DDE17 /* Products */ = {
			isa = PBXGroup;
			children = (
				557D556A2A7D222A000DDE17 /* Tamagotchi.app */,
			);
			name = Products;
			sourceTree = "<group>";
		};
		557D556C2A7D222A000DDE17 /* Tamagotchi */ = {
			isa = PBXGroup;
			children = (
				557D55762A7D222B000DDE17 /* Assets.xcassets */,
				557D557B2A7D222B000DDE17 /* Info.plist */,
				557D55812A7D226D000DDE17 /* App */,
				557D55832A7D22B7000DDE17 /* Helper */,
				557D55902A7D22C3000DDE17 /* Model */,
				557D55822A7D2278000DDE17 /* View */,
				552C759A2A7D23FB00982EAA /* ViewController */,
			);
			path = Tamagotchi;
			sourceTree = "<group>";
		};
		557D55812A7D226D000DDE17 /* App */ = {
			isa = PBXGroup;
			children = (
				557D556D2A7D222A000DDE17 /* AppDelegate.swift */,
				557D556F2A7D222A000DDE17 /* SceneDelegate.swift */,
			);
			path = App;
			sourceTree = "<group>";
		};
		557D55822A7D2278000DDE17 /* View */ = {
			isa = PBXGroup;
			children = (
				557D55732A7D222A000DDE17 /* Main.storyboard */,
				557D55782A7D222B000DDE17 /* LaunchScreen.storyboard */,
				557D55912A7D22D0000DDE17 /* TamagotchiCollectionViewCell.swift */,
				557D55922A7D22D0000DDE17 /* TamagotchiCollectionViewCell.xib */,
			);
			path = View;
			sourceTree = "<group>";
		};
		557D55832A7D22B7000DDE17 /* Helper */ = {
			isa = PBXGroup;
			children = (
				552C75AE2A7E1AFB00982EAA /* Tool */,
				557D55842A7D22B7000DDE17 /* Extension */,
				557D55872A7D22B7000DDE17 /* Constant */,
			);
			path = Helper;
			sourceTree = "<group>";
		};
		557D55842A7D22B7000DDE17 /* Extension */ = {
			isa = PBXGroup;
			children = (
				557D55852A7D22B7000DDE17 /* UIViewController+Extension.swift */,
				552C75B52A7E360400982EAA /* UICollectionViewCell+Extension.swift */,
				552C75A12A7D276300982EAA /* String+Extension.swift */,
				552C75A82A7DD72900982EAA /* UILabel+Extension.swift */,
				552C75AA2A7DD86F00982EAA /* UIView+Extension.swift */,
				552C75AC2A7DE3E000982EAA /* UIButton+Extension.swift */,
			);
			path = Extension;
			sourceTree = "<group>";
		};
		557D55872A7D22B7000DDE17 /* Constant */ = {
			isa = PBXGroup;
			children = (
				552C759F2A7D270200982EAA /* Localizable.strings */,
				557D55882A7D22B7000DDE17 /* LocalizedString.swift */,
				557D55892A7D22B7000DDE17 /* Layout.swift */,
			);
			path = Constant;
			sourceTree = "<group>";
		};
		557D55902A7D22C3000DDE17 /* Model */ = {
			isa = PBXGroup;
			children = (
				552C75A42A7D32ED00982EAA /* UserDefault.swift */,
				552C75B92A7E882200982EAA /* DefaultsTamagotchiList.swift */,
				557D558A2A7D22B7000DDE17 /* TamagotchiInfo.swift */,
			);
			path = Model;
			sourceTree = "<group>";
		};
/* End PBXGroup section */

/* Begin PBXNativeTarget section */
		557D55692A7D222A000DDE17 /* Tamagotchi */ = {
			isa = PBXNativeTarget;
			buildConfigurationList = 557D557E2A7D222B000DDE17 /* Build configuration list for PBXNativeTarget "Tamagotchi" */;
			buildPhases = (
				557D55662A7D222A000DDE17 /* Sources */,
				557D55672A7D222A000DDE17 /* Frameworks */,
				557D55682A7D222A000DDE17 /* Resources */,
			);
			buildRules = (
			);
			dependencies = (
			);
			name = Tamagotchi;
			productName = Tamagochi;
			productReference = 557D556A2A7D222A000DDE17 /* Tamagotchi.app */;
			productType = "com.apple.product-type.application";
		};
/* End PBXNativeTarget section */

/* Begin PBXProject section */
		557D55622A7D2229000DDE17 /* Project object */ = {
			isa = PBXProject;
			attributes = {
				BuildIndependentTargetsInParallel = 1;
				LastSwiftUpdateCheck = 1430;
				LastUpgradeCheck = 1430;
				TargetAttributes = {
					557D55692A7D222A000DDE17 = {
						CreatedOnToolsVersion = 14.3.1;
					};
				};
			};
			buildConfigurationList = 557D55652A7D2229000DDE17 /* Build configuration list for PBXProject "Tamagotchi" */;
			compatibilityVersion = "Xcode 14.0";
			developmentRegion = en;
			hasScannedForEncodings = 0;
			knownRegions = (
				en,
				Base,
				ko,
			);
			mainGroup = 557D55612A7D2229000DDE17;
			productRefGroup = 557D556B2A7D222A000DDE17 /* Products */;
			projectDirPath = "";
			projectRoot = "";
			targets = (
				557D55692A7D222A000DDE17 /* Tamagotchi */,
			);
		};
/* End PBXProject section */

/* Begin PBXResourcesBuildPhase section */
		557D55682A7D222A000DDE17 /* Resources */ = {
			isa = PBXResourcesBuildPhase;
			buildActionMask = 2147483647;
			files = (
				552C759D2A7D270200982EAA /* Localizable.strings in Resources */,
				557D55942A7D22D0000DDE17 /* TamagotchiCollectionViewCell.xib in Resources */,
				557D557A2A7D222B000DDE17 /* LaunchScreen.storyboard in Resources */,
				557D55772A7D222B000DDE17 /* Assets.xcassets in Resources */,
				557D55752A7D222A000DDE17 /* Main.storyboard in Resources */,
			);
			runOnlyForDeploymentPostprocessing = 0;
		};
/* End PBXResourcesBuildPhase section */

/* Begin PBXSourcesBuildPhase section */
		557D55662A7D222A000DDE17 /* Sources */ = {
			isa = PBXSourcesBuildPhase;
			buildActionMask = 2147483647;
			files = (
				557D556E2A7D222A000DDE17 /* AppDelegate.swift in Sources */,
				552C75A22A7D276300982EAA /* String+Extension.swift in Sources */,
				552C75B22A7E238F00982EAA /* HapticManager.swift in Sources */,
				552C75B02A7E1B0C00982EAA /* SegueType.swift in Sources */,
				552C75A72A7DC7E200982EAA /* DetailPopupViewController.swift in Sources */,
				552C75A52A7D32ED00982EAA /* UserDefault.swift in Sources */,
				552C75AB2A7DD86F00982EAA /* UIView+Extension.swift in Sources */,
				552C75B42A7E254E00982EAA /* MainViewController.swift in Sources */,
				552C75B62A7E360400982EAA /* UICollectionViewCell+Extension.swift in Sources */,
				557D558D2A7D22B7000DDE17 /* LocalizedString.swift in Sources */,
				557D55932A7D22D0000DDE17 /* TamagotchiCollectionViewCell.swift in Sources */,
				557D558E2A7D22B7000DDE17 /* Layout.swift in Sources */,
				557D558B2A7D22B7000DDE17 /* UIViewController+Extension.swift in Sources */,
				552C75A92A7DD72900982EAA /* UILabel+Extension.swift in Sources */,
				552C75992A7D23E400982EAA /* SelectionViewController.swift in Sources */,
				552C75BA2A7E882200982EAA /* DefaultsTamagotchiList.swift in Sources */,
				557D55702A7D222A000DDE17 /* SceneDelegate.swift in Sources */,
				557D558F2A7D22B7000DDE17 /* TamagotchiInfo.swift in Sources */,
				552C75AD2A7DE3E000982EAA /* UIButton+Extension.swift in Sources */,
			);
			runOnlyForDeploymentPostprocessing = 0;
		};
/* End PBXSourcesBuildPhase section */

/* Begin PBXVariantGroup section */
		552C759F2A7D270200982EAA /* Localizable.strings */ = {
			isa = PBXVariantGroup;
			children = (
				552C759E2A7D270200982EAA /* en */,
				552C75A02A7D272800982EAA /* ko */,
			);
			name = Localizable.strings;
			sourceTree = "<group>";
		};
		557D55732A7D222A000DDE17 /* Main.storyboard */ = {
			isa = PBXVariantGroup;
			children = (
				557D55742A7D222A000DDE17 /* Base */,
			);
			name = Main.storyboard;
			sourceTree = "<group>";
		};
		557D55782A7D222B000DDE17 /* LaunchScreen.storyboard */ = {
			isa = PBXVariantGroup;
			children = (
				557D55792A7D222B000DDE17 /* Base */,
			);
			name = LaunchScreen.storyboard;
			sourceTree = "<group>";
		};
/* End PBXVariantGroup section */

/* Begin XCBuildConfiguration section */
		557D557C2A7D222B000DDE17 /* Debug */ = {
			isa = XCBuildConfiguration;
			buildSettings = {
				ALWAYS_SEARCH_USER_PATHS = NO;
				CLANG_ANALYZER_LOCALIZABILITY_NONLOCALIZED = YES;
				CLANG_ANALYZER_NONNULL = YES;
				CLANG_ANALYZER_NUMBER_OBJECT_CONVERSION = YES_AGGRESSIVE;
				CLANG_CXX_LANGUAGE_STANDARD = "gnu++20";
				CLANG_ENABLE_MODULES = YES;
				CLANG_ENABLE_OBJC_ARC = YES;
				CLANG_ENABLE_OBJC_WEAK = YES;
				CLANG_WARN_BLOCK_CAPTURE_AUTORELEASING = YES;
				CLANG_WARN_BOOL_CONVERSION = YES;
				CLANG_WARN_COMMA = YES;
				CLANG_WARN_CONSTANT_CONVERSION = YES;
				CLANG_WARN_DEPRECATED_OBJC_IMPLEMENTATIONS = YES;
				CLANG_WARN_DIRECT_OBJC_ISA_USAGE = YES_ERROR;
				CLANG_WARN_DOCUMENTATION_COMMENTS = YES;
				CLANG_WARN_EMPTY_BODY = YES;
				CLANG_WARN_ENUM_CONVERSION = YES;
				CLANG_WARN_INFINITE_RECURSION = YES;
				CLANG_WARN_INT_CONVERSION = YES;
				CLANG_WARN_NON_LITERAL_NULL_CONVERSION = YES;
				CLANG_WARN_OBJC_IMPLICIT_RETAIN_SELF = YES;
				CLANG_WARN_OBJC_LITERAL_CONVERSION = YES;
				CLANG_WARN_OBJC_ROOT_CLASS = YES_ERROR;
				CLANG_WARN_QUOTED_INCLUDE_IN_FRAMEWORK_HEADER = YES;
				CLANG_WARN_RANGE_LOOP_ANALYSIS = YES;
				CLANG_WARN_STRICT_PROTOTYPES = YES;
				CLANG_WARN_SUSPICIOUS_MOVE = YES;
				CLANG_WARN_UNGUARDED_AVAILABILITY = YES_AGGRESSIVE;
				CLANG_WARN_UNREACHABLE_CODE = YES;
				CLANG_WARN__DUPLICATE_METHOD_MATCH = YES;
				COPY_PHASE_STRIP = NO;
				DEBUG_INFORMATION_FORMAT = dwarf;
				ENABLE_STRICT_OBJC_MSGSEND = YES;
				ENABLE_TESTABILITY = YES;
				GCC_C_LANGUAGE_STANDARD = gnu11;
				GCC_DYNAMIC_NO_PIC = NO;
				GCC_NO_COMMON_BLOCKS = YES;
				GCC_OPTIMIZATION_LEVEL = 0;
				GCC_PREPROCESSOR_DEFINITIONS = (
					"DEBUG=1",
					"$(inherited)",
				);
				GCC_WARN_64_TO_32_BIT_CONVERSION = YES;
				GCC_WARN_ABOUT_RETURN_TYPE = YES_ERROR;
				GCC_WARN_UNDECLARED_SELECTOR = YES;
				GCC_WARN_UNINITIALIZED_AUTOS = YES_AGGRESSIVE;
				GCC_WARN_UNUSED_FUNCTION = YES;
				GCC_WARN_UNUSED_VARIABLE = YES;
				IPHONEOS_DEPLOYMENT_TARGET = 15.0;
				MTL_ENABLE_DEBUG_INFO = INCLUDE_SOURCE;
				MTL_FAST_MATH = YES;
				ONLY_ACTIVE_ARCH = YES;
				SDKROOT = iphoneos;
				SWIFT_ACTIVE_COMPILATION_CONDITIONS = DEBUG;
				SWIFT_OPTIMIZATION_LEVEL = "-Onone";
			};
			name = Debug;
		};
		557D557D2A7D222B000DDE17 /* Release */ = {
			isa = XCBuildConfiguration;
			buildSettings = {
				ALWAYS_SEARCH_USER_PATHS = NO;
				CLANG_ANALYZER_LOCALIZABILITY_NONLOCALIZED = YES;
				CLANG_ANALYZER_NONNULL = YES;
				CLANG_ANALYZER_NUMBER_OBJECT_CONVERSION = YES_AGGRESSIVE;
				CLANG_CXX_LANGUAGE_STANDARD = "gnu++20";
				CLANG_ENABLE_MODULES = YES;
				CLANG_ENABLE_OBJC_ARC = YES;
				CLANG_ENABLE_OBJC_WEAK = YES;
				CLANG_WARN_BLOCK_CAPTURE_AUTORELEASING = YES;
				CLANG_WARN_BOOL_CONVERSION = YES;
				CLANG_WARN_COMMA = YES;
				CLANG_WARN_CONSTANT_CONVERSION = YES;
				CLANG_WARN_DEPRECATED_OBJC_IMPLEMENTATIONS = YES;
				CLANG_WARN_DIRECT_OBJC_ISA_USAGE = YES_ERROR;
				CLANG_WARN_DOCUMENTATION_COMMENTS = YES;
				CLANG_WARN_EMPTY_BODY = YES;
				CLANG_WARN_ENUM_CONVERSION = YES;
				CLANG_WARN_INFINITE_RECURSION = YES;
				CLANG_WARN_INT_CONVERSION = YES;
				CLANG_WARN_NON_LITERAL_NULL_CONVERSION = YES;
				CLANG_WARN_OBJC_IMPLICIT_RETAIN_SELF = YES;
				CLANG_WARN_OBJC_LITERAL_CONVERSION = YES;
				CLANG_WARN_OBJC_ROOT_CLASS = YES_ERROR;
				CLANG_WARN_QUOTED_INCLUDE_IN_FRAMEWORK_HEADER = YES;
				CLANG_WARN_RANGE_LOOP_ANALYSIS = YES;
				CLANG_WARN_STRICT_PROTOTYPES = YES;
				CLANG_WARN_SUSPICIOUS_MOVE = YES;
				CLANG_WARN_UNGUARDED_AVAILABILITY = YES_AGGRESSIVE;
				CLANG_WARN_UNREACHABLE_CODE = YES;
				CLANG_WARN__DUPLICATE_METHOD_MATCH = YES;
				COPY_PHASE_STRIP = NO;
				DEBUG_INFORMATION_FORMAT = "dwarf-with-dsym";
				ENABLE_NS_ASSERTIONS = NO;
				ENABLE_STRICT_OBJC_MSGSEND = YES;
				GCC_C_LANGUAGE_STANDARD = gnu11;
				GCC_NO_COMMON_BLOCKS = YES;
				GCC_WARN_64_TO_32_BIT_CONVERSION = YES;
				GCC_WARN_ABOUT_RETURN_TYPE = YES_ERROR;
				GCC_WARN_UNDECLARED_SELECTOR = YES;
				GCC_WARN_UNINITIALIZED_AUTOS = YES_AGGRESSIVE;
				GCC_WARN_UNUSED_FUNCTION = YES;
				GCC_WARN_UNUSED_VARIABLE = YES;
				IPHONEOS_DEPLOYMENT_TARGET = 15.0;
				MTL_ENABLE_DEBUG_INFO = NO;
				MTL_FAST_MATH = YES;
				SDKROOT = iphoneos;
				SWIFT_COMPILATION_MODE = wholemodule;
				SWIFT_OPTIMIZATION_LEVEL = "-O";
				VALIDATE_PRODUCT = YES;
			};
			name = Release;
		};
		557D557F2A7D222B000DDE17 /* Debug */ = {
			isa = XCBuildConfiguration;
			buildSettings = {
				ASSETCATALOG_COMPILER_APPICON_NAME = AppIcon;
				ASSETCATALOG_COMPILER_GLOBAL_ACCENT_COLOR_NAME = AccentColor;
				CODE_SIGN_STYLE = Automatic;
				CURRENT_PROJECT_VERSION = 1;
				DEVELOPMENT_TEAM = VJ2VF4KUF7;
				GENERATE_INFOPLIST_FILE = YES;
				INFOPLIST_FILE = Tamagotchi/Info.plist;
				INFOPLIST_KEY_UIApplicationSupportsIndirectInputEvents = YES;
				INFOPLIST_KEY_UILaunchStoryboardName = LaunchScreen;
				INFOPLIST_KEY_UIMainStoryboardFile = Main;
				INFOPLIST_KEY_UISupportedInterfaceOrientations = UIInterfaceOrientationPortrait;
				IPHONEOS_DEPLOYMENT_TARGET = 15.0;
				LD_RUNPATH_SEARCH_PATHS = (
					"$(inherited)",
					"@executable_path/Frameworks",
				);
				MARKETING_VERSION = 1.0;
				PRODUCT_BUNDLE_IDENTIFIER = com.Jimmy.Tamagotchi;
				PRODUCT_NAME = "$(TARGET_NAME)";
				SWIFT_EMIT_LOC_STRINGS = YES;
				SWIFT_VERSION = 5.0;
				TARGETED_DEVICE_FAMILY = "1,2";
			};
			name = Debug;
		};
		557D55802A7D222B000DDE17 /* Release */ = {
			isa = XCBuildConfiguration;
			buildSettings = {
				ASSETCATALOG_COMPILER_APPICON_NAME = AppIcon;
				ASSETCATALOG_COMPILER_GLOBAL_ACCENT_COLOR_NAME = AccentColor;
				CODE_SIGN_STYLE = Automatic;
				CURRENT_PROJECT_VERSION = 1;
				DEVELOPMENT_TEAM = VJ2VF4KUF7;
				GENERATE_INFOPLIST_FILE = YES;
				INFOPLIST_FILE = Tamagotchi/Info.plist;
				INFOPLIST_KEY_UIApplicationSupportsIndirectInputEvents = YES;
				INFOPLIST_KEY_UILaunchStoryboardName = LaunchScreen;
				INFOPLIST_KEY_UIMainStoryboardFile = Main;
				INFOPLIST_KEY_UISupportedInterfaceOrientations = UIInterfaceOrientationPortrait;
				IPHONEOS_DEPLOYMENT_TARGET = 15.0;
				LD_RUNPATH_SEARCH_PATHS = (
					"$(inherited)",
					"@executable_path/Frameworks",
				);
				MARKETING_VERSION = 1.0;
				PRODUCT_BUNDLE_IDENTIFIER = com.Jimmy.Tamagotchi;
				PRODUCT_NAME = "$(TARGET_NAME)";
				SWIFT_EMIT_LOC_STRINGS = YES;
				SWIFT_VERSION = 5.0;
				TARGETED_DEVICE_FAMILY = "1,2";
			};
			name = Release;
		};
/* End XCBuildConfiguration section */

/* Begin XCConfigurationList section */
		557D55652A7D2229000DDE17 /* Build configuration list for PBXProject "Tamagotchi" */ = {
			isa = XCConfigurationList;
			buildConfigurations = (
				557D557C2A7D222B000DDE17 /* Debug */,
				557D557D2A7D222B000DDE17 /* Release */,
			);
			defaultConfigurationIsVisible = 0;
			defaultConfigurationName = Release;
		};
		557D557E2A7D222B000DDE17 /* Build configuration list for PBXNativeTarget "Tamagotchi" */ = {
			isa = XCConfigurationList;
			buildConfigurations = (
				557D557F2A7D222B000DDE17 /* Debug */,
				557D55802A7D222B000DDE17 /* Release */,
			);
			defaultConfigurationIsVisible = 0;
			defaultConfigurationName = Release;
		};
/* End XCConfigurationList section */
	};
	rootObject = 557D55622A7D2229000DDE17 /* Project object */;
}
